
Microsoft Visual Studio Solution File, Format Version 12.00
# Visual Studio Version 16
VisualStudioVersion = 16.0.33529.622
MinimumVisualStudioVersion = 10.0.40219.1
Project("{FAE04EC0-301F-11D3-BF4B-00C04F79EFBC}") = "AppEsciptoriAgendaVisitesMediques", "AppEsciptoriAgendaVisitesMediques.csproj", "{2ACBFDE4-5654-41DB-ACF2-5630B2EF4219}"
EndProject
Project("{FAE04EC0-301F-11D3-BF4B-00C04F79EFBC}") = "DbLib", "..\DbLib\DbLib.csproj", "{B8FA8EEC-6B77-436C-8B5A-7F6BE3007217}"
EndProject
Project("{FAE04EC0-301F-11D3-BF4B-00C04F79EFBC}") = "InterficieAppEscriptoriUWP", "..\InterficieAppEscriptoriUWP\InterficieAppEscriptoriUWP.csproj", "{F866E4A0-3E8F-49D5-B23E-F446B0658EF4}"
EndProject
Project("{FAE04EC0-301F-11D3-BF4B-00C04F79EFBC}") = "ModelAppEscriptoriUWP", "..\ModelAppEscriptoriUWP\ModelAppEscriptoriUWP.csproj", "{E7DF83C2-E800-4C41-A72C-DF08D5F934D9}"
EndProject
Global
	GlobalSection(SolutionConfigurationPlatforms) = preSolution
		Debug|Any CPU = Debug|Any CPU
		Debug|ARM = Debug|ARM
		Debug|ARM64 = Debug|ARM64
		Debug|x64 = Debug|x64
		Debug|x86 = Debug|x86
		Release|Any CPU = Release|Any CPU
		Release|ARM = Release|ARM
		Release|ARM64 = Release|ARM64
		Release|x64 = Release|x64
		Release|x86 = Release|x86
	EndGlobalSection
	GlobalSection(ProjectConfigurationPlatforms) = postSolution
		{2ACBFDE4-5654-41DB-ACF2-5630B2EF4219}.Debug|Any CPU.ActiveCfg = Debug|x86
		{2ACBFDE4-5654-41DB-ACF2-5630B2EF4219}.Debug|ARM.ActiveCfg = Debug|ARM
		{2ACBFDE4-5654-41DB-ACF2-5630B2EF4219}.Debug|ARM.Build.0 = Debug|ARM
		{2ACBFDE4-5654-41DB-ACF2-5630B2EF4219}.Debug|ARM.Deploy.0 = Debug|ARM
		{2ACBFDE4-5654-41DB-ACF2-5630B2EF4219}.Debug|ARM64.ActiveCfg = Debug|ARM64
		{2ACBFDE4-5654-41DB-ACF2-5630B2EF4219}.Debug|ARM64.Build.0 = Debug|ARM64
		{2ACBFDE4-5654-41DB-ACF2-5630B2EF4219}.Debug|ARM64.Deploy.0 = Debug|ARM64
		{2ACBFDE4-5654-41DB-ACF2-5630B2EF4219}.Debug|x64.ActiveCfg = Debug|x64
		{2ACBFDE4-5654-41DB-ACF2-5630B2EF4219}.Debug|x64.Build.0 = Debug|x64
		{2ACBFDE4-5654-41DB-ACF2-5630B2EF4219}.Debug|x64.Deploy.0 = Debug|x64
		{2ACBFDE4-5654-41DB-ACF2-5630B2EF4219}.Debug|x86.ActiveCfg = Debug|x86
		{2ACBFDE4-5654-41DB-ACF2-5630B2EF4219}.Debug|x86.Build.0 = Debug|x86
		{2ACBFDE4-5654-41DB-ACF2-5630B2EF4219}.Debug|x86.Deploy.0 = Debug|x86
		{2ACBFDE4-5654-41DB-ACF2-5630B2EF4219}.Release|Any CPU.ActiveCfg = Release|x86
		{2ACBFDE4-5654-41DB-ACF2-5630B2EF4219}.Release|ARM.ActiveCfg = Release|ARM
		{2ACBFDE4-5654-41DB-ACF2-5630B2EF4219}.Release|ARM.Build.0 = Release|ARM
		{2ACBFDE4-5654-41DB-ACF2-5630B2EF4219}.Release|ARM.Deploy.0 = Release|ARM
		{2ACBFDE4-5654-41DB-ACF2-5630B2EF4219}.Release|ARM64.ActiveCfg = Release|ARM64
		{2ACBFDE4-5654-41DB-ACF2-5630B2EF4219}.Release|ARM64.Build.0 = Release|ARM64
		{2ACBFDE4-5654-41DB-ACF2-5630B2EF4219}.Release|ARM64.Deploy.0 = Release|ARM64
		{2ACBFDE4-5654-41DB-ACF2-5630B2EF4219}.Release|x64.ActiveCfg = Release|x64
		{2ACBFDE4-5654-41DB-ACF2-5630B2EF4219}.Release|x64.Build.0 = Release|x64
		{2ACBFDE4-5654-41DB-ACF2-5630B2EF4219}.Release|x64.Deploy.0 = Release|x64
		{2ACBFDE4-5654-41DB-ACF2-5630B2EF4219}.Release|x86.ActiveCfg = Release|x86
		{2ACBFDE4-5654-41DB-ACF2-5630B2EF4219}.Release|x86.Build.0 = Release|x86
		{2ACBFDE4-5654-41DB-ACF2-5630B2EF4219}.Release|x86.Deploy.0 = Release|x86
		{B8FA8EEC-6B77-436C-8B5A-7F6BE3007217}.Debug|Any CPU.ActiveCfg = Debug|Any CPU
		{B8FA8EEC-6B77-436C-8B5A-7F6BE3007217}.Debug|Any CPU.Build.0 = Debug|Any CPU
		{B8FA8EEC-6B77-436C-8B5A-7F6BE3007217}.Debug|ARM.ActiveCfg = Debug|ARM
		{B8FA8EEC-6B77-436C-8B5A-7F6BE3007217}.Debug|ARM.Build.0 = Debug|ARM
		{B8FA8EEC-6B77-436C-8B5A-7F6BE3007217}.Debug|ARM64.ActiveCfg = Debug|ARM64
		{B8FA8EEC-6B77-436C-8B5A-7F6BE3007217}.Debug|ARM64.Build.0 = Debug|ARM64
		{B8FA8EEC-6B77-436C-8B5A-7F6BE3007217}.Debug|x64.ActiveCfg = Debug|x64
		{B8FA8EEC-6B77-436C-8B5A-7F6BE3007217}.Debug|x64.Build.0 = Debug|x64
		{B8FA8EEC-6B77-436C-8B5A-7F6BE3007217}.Debug|x86.ActiveCfg = Debug|x86
		{B8FA8EEC-6B77-436C-8B5A-7F6BE3007217}.Debug|x86.Build.0 = Debug|x86
		{B8FA8EEC-6B77-436C-8B5A-7F6BE3007217}.Release|Any CPU.ActiveCfg = Release|Any CPU
		{B8FA8EEC-6B77-436C-8B5A-7F6BE3007217}.Release|Any CPU.Build.0 = Release|Any CPU
		{B8FA8EEC-6B77-436C-8B5A-7F6BE3007217}.Release|ARM.ActiveCfg = Release|ARM
		{B8FA8EEC-6B77-436C-8B5A-7F6BE3007217}.Release|ARM.Build.0 = Release|ARM
		{B8FA8EEC-6B77-436C-8B5A-7F6BE3007217}.Release|ARM64.ActiveCfg = Release|ARM64
		{B8FA8EEC-6B77-436C-8B5A-7F6BE3007217}.Release|ARM64.Build.0 = Release|ARM64
		{B8FA8EEC-6B77-436C-8B5A-7F6BE3007217}.Release|x64.ActiveCfg = Release|x64
		{B8FA8EEC-6B77-436C-8B5A-7F6BE3007217}.Release|x64.Build.0 = Release|x64
		{B8FA8EEC-6B77-436C-8B5A-7F6BE3007217}.Release|x86.ActiveCfg = Release|x86
		{B8FA8EEC-6B77-436C-8B5A-7F6BE3007217}.Release|x86.Build.0 = Release|x86
		{F866E4A0-3E8F-49D5-B23E-F446B0658EF4}.Debug|Any CPU.ActiveCfg = Debug|Any CPU
		{F866E4A0-3E8F-49D5-B23E-F446B0658EF4}.Debug|Any CPU.Build.0 = Debug|Any CPU
		{F866E4A0-3E8F-49D5-B23E-F446B0658EF4}.Debug|ARM.ActiveCfg = Debug|ARM
		{F866E4A0-3E8F-49D5-B23E-F446B0658EF4}.Debug|ARM.Build.0 = Debug|ARM
		{F866E4A0-3E8F-49D5-B23E-F446B0658EF4}.Debug|ARM64.ActiveCfg = Debug|ARM64
		{F866E4A0-3E8F-49D5-B23E-F446B0658EF4}.Debug|ARM64.Build.0 = Debug|ARM64
		{F866E4A0-3E8F-49D5-B23E-F446B0658EF4}.Debug|x64.ActiveCfg = Debug|x64
		{F866E4A0-3E8F-49D5-B23E-F446B0658EF4}.Debug|x64.Build.0 = Debug|x64
		{F866E4A0-3E8F-49D5-B23E-F446B0658EF4}.Debug|x86.ActiveCfg = Debug|x86
		{F866E4A0-3E8F-49D5-B23E-F446B0658EF4}.Debug|x86.Build.0 = Debug|x86
		{F866E4A0-3E8F-49D5-B23E-F446B0658EF4}.Release|Any CPU.ActiveCfg = Release|Any CPU
		{F866E4A0-3E8F-49D5-B23E-F446B0658EF4}.Release|Any CPU.Build.0 = Release|Any CPU
		{F866E4A0-3E8F-49D5-B23E-F446B0658EF4}.Release|ARM.ActiveCfg = Release|ARM
		{F866E4A0-3E8F-49D5-B23E-F446B0658EF4}.Release|ARM.Build.0 = Release|ARM
		{F866E4A0-3E8F-49D5-B23E-F446B0658EF4}.Release|ARM64.ActiveCfg = Release|ARM64
		{F866E4A0-3E8F-49D5-B23E-F446B0658EF4}.Release|ARM64.Build.0 = Release|ARM64
		{F866E4A0-3E8F-49D5-B23E-F446B0658EF4}.Release|x64.ActiveCfg = Release|x64
		{F866E4A0-3E8F-49D5-B23E-F446B0658EF4}.Release|x64.Build.0 = Release|x64
		{F866E4A0-3E8F-49D5-B23E-F446B0658EF4}.Release|x86.ActiveCfg = Release|x86
		{F866E4A0-3E8F-49D5-B23E-F446B0658EF4}.Release|x86.Build.0 = Release|x86
		{E7DF83C2-E800-4C41-A72C-DF08D5F934D9}.Debug|Any CPU.ActiveCfg = Debug|Any CPU
		{E7DF83C2-E800-4C41-A72C-DF08D5F934D9}.Debug|Any CPU.Build.0 = Debug|Any CPU
		{E7DF83C2-E800-4C41-A72C-DF08D5F934D9}.Debug|ARM.ActiveCfg = Debug|ARM
		{E7DF83C2-E800-4C41-A72C-DF08D5F934D9}.Debug|ARM.Build.0 = Debug|ARM
		{E7DF83C2-E800-4C41-A72C-DF08D5F934D9}.Debug|ARM64.ActiveCfg = Debug|ARM64
		{E7DF83C2-E800-4C41-A72C-DF08D5F934D9}.Debug|ARM64.Build.0 = Debug|ARM64
		{E7DF83C2-E800-4C41-A72C-DF08D5F934D9}.Debug|x64.ActiveCfg = Debug|x64
		{E7DF83C2-E800-4C41-A72C-DF08D5F934D9}.Debug|x64.Build.0 = Debug|x64
		{E7DF83C2-E800-4C41-A72C-DF08D5F934D9}.Debug|x86.ActiveCfg = Debug|x86
		{E7DF83C2-E800-4C41-A72C-DF08D5F934D9}.Debug|x86.Build.0 = Debug|x86
		{E7DF83C2-E800-4C41-A72C-DF08D5F934D9}.Release|Any CPU.ActiveCfg = Release|Any CPU
		{E7DF83C2-E800-4C41-A72C-DF08D5F934D9}.Release|Any CPU.Build.0 = Release|Any CPU
		{E7DF83C2-E800-4C41-A72C-DF08D5F934D9}.Release|ARM.ActiveCfg = Release|ARM
		{E7DF83C2-E800-4C41-A72C-DF08D5F934D9}.Release|ARM.Build.0 = Release|ARM
		{E7DF83C2-E800-4C41-A72C-DF08D5F934D9}.Release|ARM64.ActiveCfg = Release|ARM64
		{E7DF83C2-E800-4C41-A72C-DF08D5F934D9}.Release|ARM64.Build.0 = Release|ARM64
		{E7DF83C2-E800-4C41-A72C-DF08D5F934D9}.Release|x64.ActiveCfg = Release|x64
		{E7DF83C2-E800-4C41-A72C-DF08D5F934D9}.Release|x64.Build.0 = Release|x64
		{E7DF83C2-E800-4C41-A72C-DF08D5F934D9}.Release|x86.ActiveCfg = Release|x86
		{E7DF83C2-E800-4C41-A72C-DF08D5F934D9}.Release|x86.Build.0 = Release|x86
	EndGlobalSection
	GlobalSection(SolutionProperties) = preSolution
		HideSolutionNode = FALSE
	EndGlobalSection
	GlobalSection(ExtensibilityGlobals) = postSolution
		SolutionGuid = {08E81396-02C0-4318-89FF-8B9F54B35602}
	EndGlobalSection
EndGlobal
